
Microsoft Visual Studio Solution File, Format Version 12.00
# Visual Studio 15
VisualStudioVersion = 15.0.26124.0
MinimumVisualStudioVersion = 15.0.26124.0
Project("{FAE04EC0-301F-11D3-BF4B-00C04F79EFBC}") = "Core", "Core\Core.csproj", "{4238623A-D57C-4FDD-ABAE-4D70CCC4D4E7}"
EndProject
Project("{2150E333-8FDC-42A3-9474-1A3956D46DE8}") = "Api", "Api", "{FAA35C7F-F21C-4D02-A952-180BAD2D64C4}"
EndProject
Project("{FAE04EC0-301F-11D3-BF4B-00C04F79EFBC}") = "Api.DataAccess", "Api\DataAccess\Api.DataAccess.csproj", "{E8C90CDD-DF7C-4766-9AB2-D87C2E67C14E}"
EndProject
Project("{FAE04EC0-301F-11D3-BF4B-00C04F79EFBC}") = "Api.Tests", "Api\Tests\Api.Tests.csproj", "{C3493419-EDA8-4303-BC6E-2351337908A8}"
EndProject
Project("{2150E333-8FDC-42A3-9474-1A3956D46DE8}") = "Etl", "Etl", "{72B52389-60E8-4DD1-B32F-4812EC28D2DA}"
EndProject
Project("{FAE04EC0-301F-11D3-BF4B-00C04F79EFBC}") = "Etl.Core", "Etl\Core\Etl.Core.csproj", "{FDEF60E7-2ADC-4E6B-A714-8BFC8B1BFB7A}"
EndProject
Project("{FAE04EC0-301F-11D3-BF4B-00C04F79EFBC}") = "Etl.DataAccess", "Etl\DataAccess\Etl.DataAccess.csproj", "{ABC929DE-D5F0-4BD6-8230-64ABA9F5565C}"
EndProject
Project("{FAE04EC0-301F-11D3-BF4B-00C04F79EFBC}") = "Etl.Tests", "Etl\Tests\Etl.Tests.csproj", "{A5297528-B69F-4529-9874-8B5100941A9A}"
EndProject
Project("{FAE04EC0-301F-11D3-BF4B-00C04F79EFBC}") = "Etl.Console", "Etl\Console\Etl.Console.csproj", "{6232D663-4041-441D-B16C-9A17B45E9DBF}"
EndProject
Global
	GlobalSection(SolutionConfigurationPlatforms) = preSolution
		Debug|Any CPU = Debug|Any CPU
		Debug|x64 = Debug|x64
		Debug|x86 = Debug|x86
		Release|Any CPU = Release|Any CPU
		Release|x64 = Release|x64
		Release|x86 = Release|x86
	EndGlobalSection
	GlobalSection(SolutionProperties) = preSolution
		HideSolutionNode = FALSE
	EndGlobalSection
	GlobalSection(ProjectConfigurationPlatforms) = postSolution
		{4238623A-D57C-4FDD-ABAE-4D70CCC4D4E7}.Debug|Any CPU.ActiveCfg = Debug|Any CPU
		{4238623A-D57C-4FDD-ABAE-4D70CCC4D4E7}.Debug|Any CPU.Build.0 = Debug|Any CPU
		{4238623A-D57C-4FDD-ABAE-4D70CCC4D4E7}.Debug|x64.ActiveCfg = Debug|Any CPU
		{4238623A-D57C-4FDD-ABAE-4D70CCC4D4E7}.Debug|x64.Build.0 = Debug|Any CPU
		{4238623A-D57C-4FDD-ABAE-4D70CCC4D4E7}.Debug|x86.ActiveCfg = Debug|Any CPU
		{4238623A-D57C-4FDD-ABAE-4D70CCC4D4E7}.Debug|x86.Build.0 = Debug|Any CPU
		{4238623A-D57C-4FDD-ABAE-4D70CCC4D4E7}.Release|Any CPU.ActiveCfg = Release|Any CPU
		{4238623A-D57C-4FDD-ABAE-4D70CCC4D4E7}.Release|Any CPU.Build.0 = Release|Any CPU
		{4238623A-D57C-4FDD-ABAE-4D70CCC4D4E7}.Release|x64.ActiveCfg = Release|Any CPU
		{4238623A-D57C-4FDD-ABAE-4D70CCC4D4E7}.Release|x64.Build.0 = Release|Any CPU
		{4238623A-D57C-4FDD-ABAE-4D70CCC4D4E7}.Release|x86.ActiveCfg = Release|Any CPU
		{4238623A-D57C-4FDD-ABAE-4D70CCC4D4E7}.Release|x86.Build.0 = Release|Any CPU		
		{E8C90CDD-DF7C-4766-9AB2-D87C2E67C14E}.Debug|Any CPU.ActiveCfg = Debug|Any CPU
		{E8C90CDD-DF7C-4766-9AB2-D87C2E67C14E}.Debug|Any CPU.Build.0 = Debug|Any CPU
		{E8C90CDD-DF7C-4766-9AB2-D87C2E67C14E}.Debug|x64.ActiveCfg = Debug|Any CPU
		{E8C90CDD-DF7C-4766-9AB2-D87C2E67C14E}.Debug|x64.Build.0 = Debug|Any CPU
		{E8C90CDD-DF7C-4766-9AB2-D87C2E67C14E}.Debug|x86.ActiveCfg = Debug|Any CPU
		{E8C90CDD-DF7C-4766-9AB2-D87C2E67C14E}.Debug|x86.Build.0 = Debug|Any CPU
		{E8C90CDD-DF7C-4766-9AB2-D87C2E67C14E}.Release|Any CPU.ActiveCfg = Release|Any CPU
		{E8C90CDD-DF7C-4766-9AB2-D87C2E67C14E}.Release|Any CPU.Build.0 = Release|Any CPU
		{E8C90CDD-DF7C-4766-9AB2-D87C2E67C14E}.Release|x64.ActiveCfg = Release|Any CPU
		{E8C90CDD-DF7C-4766-9AB2-D87C2E67C14E}.Release|x64.Build.0 = Release|Any CPU
		{E8C90CDD-DF7C-4766-9AB2-D87C2E67C14E}.Release|x86.ActiveCfg = Release|Any CPU
		{E8C90CDD-DF7C-4766-9AB2-D87C2E67C14E}.Release|x86.Build.0 = Release|Any CPU
		{C3493419-EDA8-4303-BC6E-2351337908A8}.Debug|Any CPU.ActiveCfg = Debug|Any CPU
		{C3493419-EDA8-4303-BC6E-2351337908A8}.Debug|Any CPU.Build.0 = Debug|Any CPU
		{C3493419-EDA8-4303-BC6E-2351337908A8}.Debug|x64.ActiveCfg = Debug|Any CPU
		{C3493419-EDA8-4303-BC6E-2351337908A8}.Debug|x64.Build.0 = Debug|Any CPU
		{C3493419-EDA8-4303-BC6E-2351337908A8}.Debug|x86.ActiveCfg = Debug|Any CPU
		{C3493419-EDA8-4303-BC6E-2351337908A8}.Debug|x86.Build.0 = Debug|Any CPU
		{C3493419-EDA8-4303-BC6E-2351337908A8}.Release|Any CPU.ActiveCfg = Release|Any CPU
		{C3493419-EDA8-4303-BC6E-2351337908A8}.Release|Any CPU.Build.0 = Release|Any CPU
		{C3493419-EDA8-4303-BC6E-2351337908A8}.Release|x64.ActiveCfg = Release|Any CPU
		{C3493419-EDA8-4303-BC6E-2351337908A8}.Release|x64.Build.0 = Release|Any CPU
		{C3493419-EDA8-4303-BC6E-2351337908A8}.Release|x86.ActiveCfg = Release|Any CPU
		{C3493419-EDA8-4303-BC6E-2351337908A8}.Release|x86.Build.0 = Release|Any CPU
		{FDEF60E7-2ADC-4E6B-A714-8BFC8B1BFB7A}.Debug|Any CPU.ActiveCfg = Debug|Any CPU
		{FDEF60E7-2ADC-4E6B-A714-8BFC8B1BFB7A}.Debug|Any CPU.Build.0 = Debug|Any CPU
		{FDEF60E7-2ADC-4E6B-A714-8BFC8B1BFB7A}.Debug|x64.ActiveCfg = Debug|Any CPU
		{FDEF60E7-2ADC-4E6B-A714-8BFC8B1BFB7A}.Debug|x64.Build.0 = Debug|Any CPU
		{FDEF60E7-2ADC-4E6B-A714-8BFC8B1BFB7A}.Debug|x86.ActiveCfg = Debug|Any CPU
		{FDEF60E7-2ADC-4E6B-A714-8BFC8B1BFB7A}.Debug|x86.Build.0 = Debug|Any CPU
		{FDEF60E7-2ADC-4E6B-A714-8BFC8B1BFB7A}.Release|Any CPU.ActiveCfg = Release|Any CPU
		{FDEF60E7-2ADC-4E6B-A714-8BFC8B1BFB7A}.Release|Any CPU.Build.0 = Release|Any CPU
		{FDEF60E7-2ADC-4E6B-A714-8BFC8B1BFB7A}.Release|x64.ActiveCfg = Release|Any CPU
		{FDEF60E7-2ADC-4E6B-A714-8BFC8B1BFB7A}.Release|x64.Build.0 = Release|Any CPU
		{FDEF60E7-2ADC-4E6B-A714-8BFC8B1BFB7A}.Release|x86.ActiveCfg = Release|Any CPU
		{FDEF60E7-2ADC-4E6B-A714-8BFC8B1BFB7A}.Release|x86.Build.0 = Release|Any CPU
		{ABC929DE-D5F0-4BD6-8230-64ABA9F5565C}.Debug|Any CPU.ActiveCfg = Debug|Any CPU
		{ABC929DE-D5F0-4BD6-8230-64ABA9F5565C}.Debug|Any CPU.Build.0 = Debug|Any CPU
		{ABC929DE-D5F0-4BD6-8230-64ABA9F5565C}.Debug|x64.ActiveCfg = Debug|Any CPU
		{ABC929DE-D5F0-4BD6-8230-64ABA9F5565C}.Debug|x64.Build.0 = Debug|Any CPU
		{ABC929DE-D5F0-4BD6-8230-64ABA9F5565C}.Debug|x86.ActiveCfg = Debug|Any CPU
		{ABC929DE-D5F0-4BD6-8230-64ABA9F5565C}.Debug|x86.Build.0 = Debug|Any CPU
		{ABC929DE-D5F0-4BD6-8230-64ABA9F5565C}.Release|Any CPU.ActiveCfg = Release|Any CPU
		{ABC929DE-D5F0-4BD6-8230-64ABA9F5565C}.Release|Any CPU.Build.0 = Release|Any CPU
		{ABC929DE-D5F0-4BD6-8230-64ABA9F5565C}.Release|x64.ActiveCfg = Release|Any CPU
		{ABC929DE-D5F0-4BD6-8230-64ABA9F5565C}.Release|x64.Build.0 = Release|Any CPU
		{ABC929DE-D5F0-4BD6-8230-64ABA9F5565C}.Release|x86.ActiveCfg = Release|Any CPU
		{ABC929DE-D5F0-4BD6-8230-64ABA9F5565C}.Release|x86.Build.0 = Release|Any CPU
		{A5297528-B69F-4529-9874-8B5100941A9A}.Debug|Any CPU.ActiveCfg = Debug|Any CPU
		{A5297528-B69F-4529-9874-8B5100941A9A}.Debug|Any CPU.Build.0 = Debug|Any CPU
		{A5297528-B69F-4529-9874-8B5100941A9A}.Debug|x64.ActiveCfg = Debug|Any CPU
		{A5297528-B69F-4529-9874-8B5100941A9A}.Debug|x64.Build.0 = Debug|Any CPU
		{A5297528-B69F-4529-9874-8B5100941A9A}.Debug|x86.ActiveCfg = Debug|Any CPU
		{A5297528-B69F-4529-9874-8B5100941A9A}.Debug|x86.Build.0 = Debug|Any CPU
		{A5297528-B69F-4529-9874-8B5100941A9A}.Release|Any CPU.ActiveCfg = Release|Any CPU
		{A5297528-B69F-4529-9874-8B5100941A9A}.Release|Any CPU.Build.0 = Release|Any CPU
		{A5297528-B69F-4529-9874-8B5100941A9A}.Release|x64.ActiveCfg = Release|Any CPU
		{A5297528-B69F-4529-9874-8B5100941A9A}.Release|x64.Build.0 = Release|Any CPU
		{A5297528-B69F-4529-9874-8B5100941A9A}.Release|x86.ActiveCfg = Release|Any CPU
		{A5297528-B69F-4529-9874-8B5100941A9A}.Release|x86.Build.0 = Release|Any CPU
		{6232D663-4041-441D-B16C-9A17B45E9DBF}.Debug|Any CPU.ActiveCfg = Debug|Any CPU
		{6232D663-4041-441D-B16C-9A17B45E9DBF}.Debug|Any CPU.Build.0 = Debug|Any CPU
		{6232D663-4041-441D-B16C-9A17B45E9DBF}.Debug|x64.ActiveCfg = Debug|Any CPU
		{6232D663-4041-441D-B16C-9A17B45E9DBF}.Debug|x64.Build.0 = Debug|Any CPU
		{6232D663-4041-441D-B16C-9A17B45E9DBF}.Debug|x86.ActiveCfg = Debug|Any CPU
		{6232D663-4041-441D-B16C-9A17B45E9DBF}.Debug|x86.Build.0 = Debug|Any CPU
		{6232D663-4041-441D-B16C-9A17B45E9DBF}.Release|Any CPU.ActiveCfg = Release|Any CPU
		{6232D663-4041-441D-B16C-9A17B45E9DBF}.Release|Any CPU.Build.0 = Release|Any CPU
		{6232D663-4041-441D-B16C-9A17B45E9DBF}.Release|x64.ActiveCfg = Release|Any CPU
		{6232D663-4041-441D-B16C-9A17B45E9DBF}.Release|x64.Build.0 = Release|Any CPU
		{6232D663-4041-441D-B16C-9A17B45E9DBF}.Release|x86.ActiveCfg = Release|Any CPU
		{6232D663-4041-441D-B16C-9A17B45E9DBF}.Release|x86.Build.0 = Release|Any CPU
	EndGlobalSection
	GlobalSection(NestedProjects) = preSolution
		{E8C90CDD-DF7C-4766-9AB2-D87C2E67C14E} = {FAA35C7F-F21C-4D02-A952-180BAD2D64C4}
		{C3493419-EDA8-4303-BC6E-2351337908A8} = {FAA35C7F-F21C-4D02-A952-180BAD2D64C4}
		{FDEF60E7-2ADC-4E6B-A714-8BFC8B1BFB7A} = {72B52389-60E8-4DD1-B32F-4812EC28D2DA}
		{ABC929DE-D5F0-4BD6-8230-64ABA9F5565C} = {72B52389-60E8-4DD1-B32F-4812EC28D2DA}
		{A5297528-B69F-4529-9874-8B5100941A9A} = {72B52389-60E8-4DD1-B32F-4812EC28D2DA}
		{6232D663-4041-441D-B16C-9A17B45E9DBF} = {72B52389-60E8-4DD1-B32F-4812EC28D2DA}
	EndGlobalSection
EndGlobal
